Microsoft Visual Studio Solution File, Format Version 12.00
# Visual Studio Version 17
VisualStudioVersion = 17.5.2.0
MinimumVisualStudioVersion = 10.0.40219.1
Project("{2150E333-8FDC-42A3-9474-1A3956D46DE8}") = "back", "back", "{11BF4459-C332-B9BD-164A-F44681F2EC0B}"
EndProject
Project("{FAE04EC0-301F-11D3-BF4B-00C04F79EFBC}") = "app", "back\app\app.csproj", "{5459D19F-25AA-D37F-2F94-E1667A81015E}"
EndProject
Global
	GlobalSection(SolutionConfigurationPlatforms) = preSolution
		Debug|Any CPU = Debug|Any CPU
		Release|Any CPU = Release|Any CPU
	EndGlobalSection
	GlobalSection(ProjectConfigurationPlatforms) = postSolution
		{5459D19F-25AA-D37F-2F94-E1667A81015E}.Debug|Any CPU.ActiveCfg = Debug|Any CPU
		{5459D19F-25AA-D37F-2F94-E1667A81015E}.Debug|Any CPU.Build.0 = Debug|Any CPU
		{5459D19F-25AA-D37F-2F94-E1667A81015E}.Release|Any CPU.ActiveCfg = Release|Any CPU
		{5459D19F-25AA-D37F-2F94-E1667A81015E}.Release|Any CPU.Build.0 = Release|Any CPU
	EndGlobalSection
	GlobalSection(SolutionProperties) = preSolution
		HideSolutionNode = FALSE
	EndGlobalSection
	GlobalSection(NestedProjects) = preSolution
		{5459D19F-25AA-D37F-2F94-E1667A81015E} = {11BF4459-C332-B9BD-164A-F44681F2EC0B}
	EndGlobalSection
	GlobalSection(ExtensibilityGlobals) = postSolution
		SolutionGuid = {8CE55371-AD44-464E-BC3E-44C61140274D}
	EndGlobalSection
EndGlobal
